
Microsoft Visual Studio Solution File, Format Version 12.00
# Visual Studio Version 17
VisualStudioVersion = 17.4.33122.133
MinimumVisualStudioVersion = 10.0.40219.1
Project("{FAE04EC0-301F-11D3-BF4B-00C04F79EFBC}") = "Assignment6_IliaBogatyrev", "Assignment6_IliaBogatyrev\Assignment6_IliaBogatyrev.csproj", "{DDFE381C-78EA-4C0A-81D1-19514B8E2C98}"
EndProject
Global
	GlobalSection(SolutionConfigurationPlatforms) = preSolution
		Debug|Any CPU = Debug|Any CPU
		Release|Any CPU = Release|Any CPU
	EndGlobalSection
	GlobalSection(ProjectConfigurationPlatforms) = postSolution
		{DDFE381C-78EA-4C0A-81D1-19514B8E2C98}.Debug|Any CPU.ActiveCfg = Debug|Any CPU
		{DDFE381C-78EA-4C0A-81D1-19514B8E2C98}.Debug|Any CPU.Build.0 = Debug|Any CPU
		{DDFE381C-78EA-4C0A-81D1-19514B8E2C98}.Release|Any CPU.ActiveCfg = Release|Any CPU
		{DDFE381C-78EA-4C0A-81D1-19514B8E2C98}.Release|Any CPU.Build.0 = Release|Any CPU
	EndGlobalSection
	GlobalSection(SolutionProperties) = preSolution
		HideSolutionNode = FALSE
	EndGlobalSection
	GlobalSection(ExtensibilityGlobals) = postSolution
		SolutionGuid = {AC59634C-AE7C-48EC-895E-50F114E3C32F}
	EndGlobalSection
EndGlobal
